
Microsoft Visual Studio Solution File, Format Version 12.00
# Visual Studio Version 17
VisualStudioVersion = 17.11.35208.52
MinimumVisualStudioVersion = 10.0.40219.1
Project("{FAE04EC0-301F-11D3-BF4B-00C04F79EFBC}") = "Estoque.Farmacia.API", "Estoque.Farmacia.API.csproj", "{579C9345-06D3-4005-B46B-A6BF2A3E57AD}"
EndProject
Global
	GlobalSection(SolutionConfigurationPlatforms) = preSolution
		Debug|Any CPU = Debug|Any CPU
		Release|Any CPU = Release|Any CPU
	EndGlobalSection
	GlobalSection(ProjectConfigurationPlatforms) = postSolution
		{579C9345-06D3-4005-B46B-A6BF2A3E57AD}.Debug|Any CPU.ActiveCfg = Debug|Any CPU
		{579C9345-06D3-4005-B46B-A6BF2A3E57AD}.Debug|Any CPU.Build.0 = Debug|Any CPU
		{579C9345-06D3-4005-B46B-A6BF2A3E57AD}.Release|Any CPU.ActiveCfg = Release|Any CPU
		{579C9345-06D3-4005-B46B-A6BF2A3E57AD}.Release|Any CPU.Build.0 = Release|Any CPU
	EndGlobalSection
	GlobalSection(SolutionProperties) = preSolution
		HideSolutionNode = FALSE
	EndGlobalSection
	GlobalSection(ExtensibilityGlobals) = postSolution
		SolutionGuid = {94212EAE-915A-490A-B88D-E924C355C49C}
	EndGlobalSection
EndGlobal
