
Microsoft Visual Studio Solution File, Format Version 12.00
# Visual Studio Version 17
VisualStudioVersion = 17.11.35208.52
MinimumVisualStudioVersion = 10.0.40219.1
Project("{FAE04EC0-301F-11D3-BF4B-00C04F79EFBC}") = "GestaoMedicamentos", "GestaoMedicamentos.csproj", "{8C4BEE98-ACE1-4C28-84A4-53582D58B20A}"
EndProject
Project("{FAE04EC0-301F-11D3-BF4B-00C04F79EFBC}") = "GestaoMedicamentos.API", "..\GestaoMedicamentos.API\GestaoMedicamentos.API.csproj", "{1138CAA0-EC18-4B55-A5BE-89C0CC7BF343}"
EndProject
Project("{FAE04EC0-301F-11D3-BF4B-00C04F79EFBC}") = "GestaoMedicamentos.Produto", "..\GestaoMedicamentos.Produto\GestaoMedicamentos.Produto.csproj", "{5091A9AC-290D-4C02-977A-732B68F8E212}"
EndProject
Project("{FAE04EC0-301F-11D3-BF4B-00C04F79EFBC}") = "GestaoMedicamentos.Relatorios", "..\GestaoMedicamentos.Relatorios\GestaoMedicamentos.Relatorios.csproj", "{A97DF38E-FE69-49D0-8495-E52378B2E474}"
EndProject
Project("{FAE04EC0-301F-11D3-BF4B-00C04F79EFBC}") = "GestaoMedicamentos.Web", "..\GestaoMedicamentos.Web\GestaoMedicamentos.Web.csproj", "{8DF8B464-5564-48F2-BBDE-A7F9BFA64D9A}"
EndProject
Global
	GlobalSection(SolutionConfigurationPlatforms) = preSolution
		Debug|Any CPU = Debug|Any CPU
		Release|Any CPU = Release|Any CPU
	EndGlobalSection
	GlobalSection(ProjectConfigurationPlatforms) = postSolution
		{8C4BEE98-ACE1-4C28-84A4-53582D58B20A}.Debug|Any CPU.ActiveCfg = Debug|Any CPU
		{8C4BEE98-ACE1-4C28-84A4-53582D58B20A}.Debug|Any CPU.Build.0 = Debug|Any CPU
		{8C4BEE98-ACE1-4C28-84A4-53582D58B20A}.Release|Any CPU.ActiveCfg = Release|Any CPU
		{8C4BEE98-ACE1-4C28-84A4-53582D58B20A}.Release|Any CPU.Build.0 = Release|Any CPU
		{1138CAA0-EC18-4B55-A5BE-89C0CC7BF343}.Debug|Any CPU.ActiveCfg = Debug|Any CPU
		{1138CAA0-EC18-4B55-A5BE-89C0CC7BF343}.Debug|Any CPU.Build.0 = Debug|Any CPU
		{1138CAA0-EC18-4B55-A5BE-89C0CC7BF343}.Release|Any CPU.ActiveCfg = Release|Any CPU
		{1138CAA0-EC18-4B55-A5BE-89C0CC7BF343}.Release|Any CPU.Build.0 = Release|Any CPU
		{5091A9AC-290D-4C02-977A-732B68F8E212}.Debug|Any CPU.ActiveCfg = Debug|Any CPU
		{5091A9AC-290D-4C02-977A-732B68F8E212}.Debug|Any CPU.Build.0 = Debug|Any CPU
		{5091A9AC-290D-4C02-977A-732B68F8E212}.Release|Any CPU.ActiveCfg = Release|Any CPU
		{5091A9AC-290D-4C02-977A-732B68F8E212}.Release|Any CPU.Build.0 = Release|Any CPU
		{A97DF38E-FE69-49D0-8495-E52378B2E474}.Debug|Any CPU.ActiveCfg = Debug|Any CPU
		{A97DF38E-FE69-49D0-8495-E52378B2E474}.Debug|Any CPU.Build.0 = Debug|Any CPU
		{A97DF38E-FE69-49D0-8495-E52378B2E474}.Release|Any CPU.ActiveCfg = Release|Any CPU
		{A97DF38E-FE69-49D0-8495-E52378B2E474}.Release|Any CPU.Build.0 = Release|Any CPU
		{8DF8B464-5564-48F2-BBDE-A7F9BFA64D9A}.Debug|Any CPU.ActiveCfg = Debug|Any CPU
		{8DF8B464-5564-48F2-BBDE-A7F9BFA64D9A}.Debug|Any CPU.Build.0 = Debug|Any CPU
		{8DF8B464-5564-48F2-BBDE-A7F9BFA64D9A}.Release|Any CPU.ActiveCfg = Release|Any CPU
		{8DF8B464-5564-48F2-BBDE-A7F9BFA64D9A}.Release|Any CPU.Build.0 = Release|Any CPU
	EndGlobalSection
	GlobalSection(SolutionProperties) = preSolution
		HideSolutionNode = FALSE
	EndGlobalSection
	GlobalSection(ExtensibilityGlobals) = postSolution
		SolutionGuid = {6537206D-4CBC-4B9C-9A74-E986E135637F}
	EndGlobalSection
EndGlobal
